{
  "nodes": {
    "nixpkgs": {
      "locked": {
        "lastModified": 1742422364,
        "narHash": "sha256-mNqIplmEohk5jRkqYqG19GA8MbQ/D4gQSK0Mu4LvfRQ=",
        "path": "/nix/store/1728d3jg85mkz2w2cvk6vi74i30fn6x7-source",
        "rev": "a84ebe20c6bc2ecbcfb000a50776219f48d134cc",
        "type": "path"
      },
      "original": {
        "id": "pinned-nixpkgs",
        "type": "indirect"
      }
    },
    "root": {
      "inputs": {
        "nixpkgs": "nixpkgs"
      }
    }
  },
  "root": "root",
  "version": 7
}
